// !$*UTF8*$!
{
	archiveVersion = 1;
	classes = {
	};
	objectVersion = 56;
	objects = {

/* Begin PBXBuildFile section */
		C32473632C9F2E7700DF9405 /* ChefDeliveryApp.swift in Sources */ = {isa = PBXBuildFile; fileRef = C32473622C9F2E7700DF9405 /* ChefDeliveryApp.swift */; };
		C32473652C9F2E7700DF9405 /* ContentView.swift in Sources */ = {isa = PBXBuildFile; fileRef = C32473642C9F2E7700DF9405 /* ContentView.swift */; };
		C32473672C9F2E7900DF9405 /* Assets.xcassets in Resources */ = {isa = PBXBuildFile; fileRef = C32473662C9F2E7900DF9405 /* Assets.xcassets */; };
		C324736A2C9F2E7900DF9405 /* Preview Assets.xcassets in Resources */ = {isa = PBXBuildFile; fileRef = C32473692C9F2E7900DF9405 /* Preview Assets.xcassets */; };
		C32473732C9F307400DF9405 /* NavigationBar.swift in Sources */ = {isa = PBXBuildFile; fileRef = C32473722C9F307400DF9405 /* NavigationBar.swift */; };
		C32F00B12CAC77240003CF23 /* ProductDetailView.swift in Sources */ = {isa = PBXBuildFile; fileRef = C32F00B02CAC77240003CF23 /* ProductDetailView.swift */; };
		C33A8E472CADD01D00B2E33F /* StoreDetailHeaderView.swift in Sources */ = {isa = PBXBuildFile; fileRef = C33A8E462CADD01D00B2E33F /* StoreDetailHeaderView.swift */; };
		C33A8E492CADD23600B2E33F /* StoreDetailProductsView.swift in Sources */ = {isa = PBXBuildFile; fileRef = C33A8E482CADD23600B2E33F /* StoreDetailProductsView.swift */; };
		C33A8E4B2CADD40000B2E33F /* StoreDetailProductItemView.swift in Sources */ = {isa = PBXBuildFile; fileRef = C33A8E4A2CADD40000B2E33F /* StoreDetailProductItemView.swift */; };
		C33A8E4E2CADD78300B2E33F /* ProductDetailHeaderView.swift in Sources */ = {isa = PBXBuildFile; fileRef = C33A8E4D2CADD78300B2E33F /* ProductDetailHeaderView.swift */; };
		C33A8E502CADD89E00B2E33F /* ProductDetailQuantityView.swift in Sources */ = {isa = PBXBuildFile; fileRef = C33A8E4F2CADD89E00B2E33F /* ProductDetailQuantityView.swift */; };
		C33A8E522CADDB1100B2E33F /* ProductDetailButtonView.swift in Sources */ = {isa = PBXBuildFile; fileRef = C33A8E512CADDB1100B2E33F /* ProductDetailButtonView.swift */; };
		C34528F72CAB2640007CE052 /* StoreDetailView.swift in Sources */ = {isa = PBXBuildFile; fileRef = C34528F62CAB2640007CE052 /* StoreDetailView.swift */; };
		C34528FB2CAB2A37007CE052 /* ProductType.swift in Sources */ = {isa = PBXBuildFile; fileRef = C34528FA2CAB2A37007CE052 /* ProductType.swift */; };
		C34528FD2CAB2ABD007CE052 /* StoreType.swift in Sources */ = {isa = PBXBuildFile; fileRef = C34528FC2CAB2ABD007CE052 /* StoreType.swift */; };
		C34529002CAB39F9007CE052 /* Double+.swift in Sources */ = {isa = PBXBuildFile; fileRef = C34528FF2CAB39F9007CE052 /* Double+.swift */; };
		C35E72A62C9FBECE000AED60 /* OrderTypeGridView.swift in Sources */ = {isa = PBXBuildFile; fileRef = C35E72A52C9FBECE000AED60 /* OrderTypeGridView.swift */; };
		C35E72AB2C9FC666000AED60 /* OrderType.swift in Sources */ = {isa = PBXBuildFile; fileRef = C35E72AA2C9FC666000AED60 /* OrderType.swift */; };
		C35E72AD2C9FC7CD000AED60 /* DataSourceMock.swift in Sources */ = {isa = PBXBuildFile; fileRef = C35E72AC2C9FC7CD000AED60 /* DataSourceMock.swift */; };
		C35E72AF2C9FDDD0000AED60 /* OrderTypeView.swift in Sources */ = {isa = PBXBuildFile; fileRef = C35E72AE2C9FDDD0000AED60 /* OrderTypeView.swift */; };
		C3C614FA2CA1D3E30072C183 /* CarouselItemView.swift in Sources */ = {isa = PBXBuildFile; fileRef = C3C614F92CA1D3E30072C183 /* CarouselItemView.swift */; };
		C3C614FC2CA1D6040072C183 /* CarouselTabView.swift in Sources */ = {isa = PBXBuildFile; fileRef = C3C614FB2CA1D6040072C183 /* CarouselTabView.swift */; };
		C3C614FF2CA1DDA10072C183 /* StoreItemView.swift in Sources */ = {isa = PBXBuildFile; fileRef = C3C614FE2CA1DDA10072C183 /* StoreItemView.swift */; };
		C3C615012CA1E1210072C183 /* StoresContainerView.swift in Sources */ = {isa = PBXBuildFile; fileRef = C3C615002CA1E1210072C183 /* StoresContainerView.swift */; };
		C3EC87082CB06CC8002554F7 /* HomeView.swift in Sources */ = {isa = PBXBuildFile; fileRef = C3EC87072CB06CC8002554F7 /* HomeView.swift */; };
/* End PBXBuildFile section */

/* Begin PBXFileReference section */
		C324735F2C9F2E7700DF9405 /* ChefDelivery.app */ = {isa = PBXFileReference; explicitFileType = wrapper.application; includeInIndex = 0; path = ChefDelivery.app; sourceTree = BUILT_PRODUCTS_DIR; };
		C32473622C9F2E7700DF9405 /* ChefDeliveryApp.swift */ = {isa = PBXFileReference; lastKnownFileType = sourcecode.swift; path = ChefDeliveryApp.swift; sourceTree = "<group>"; };
		C32473642C9F2E7700DF9405 /* ContentView.swift */ = {isa = PBXFileReference; lastKnownFileType = sourcecode.swift; path = ContentView.swift; sourceTree = "<group>"; };
		C32473662C9F2E7900DF9405 /* Assets.xcassets */ = {isa = PBXFileReference; lastKnownFileType = folder.assetcatalog; path = Assets.xcassets; sourceTree = "<group>"; };
		C32473692C9F2E7900DF9405 /* Preview Assets.xcassets */ = {isa = PBXFileReference; lastKnownFileType = folder.assetcatalog; path = "Preview Assets.xcassets"; sourceTree = "<group>"; };
		C32473722C9F307400DF9405 /* NavigationBar.swift */ = {isa = PBXFileReference; lastKnownFileType = sourcecode.swift; path = NavigationBar.swift; sourceTree = "<group>"; };
		C32F00B02CAC77240003CF23 /* ProductDetailView.swift */ = {isa = PBXFileReference; lastKnownFileType = sourcecode.swift; path = ProductDetailView.swift; sourceTree = "<group>"; };
		C33A8E462CADD01D00B2E33F /* StoreDetailHeaderView.swift */ = {isa = PBXFileReference; lastKnownFileType = sourcecode.swift; path = StoreDetailHeaderView.swift; sourceTree = "<group>"; };
		C33A8E482CADD23600B2E33F /* StoreDetailProductsView.swift */ = {isa = PBXFileReference; lastKnownFileType = sourcecode.swift; path = StoreDetailProductsView.swift; sourceTree = "<group>"; };
		C33A8E4A2CADD40000B2E33F /* StoreDetailProductItemView.swift */ = {isa = PBXFileReference; lastKnownFileType = sourcecode.swift; path = StoreDetailProductItemView.swift; sourceTree = "<group>"; };
		C33A8E4D2CADD78300B2E33F /* ProductDetailHeaderView.swift */ = {isa = PBXFileReference; lastKnownFileType = sourcecode.swift; path = ProductDetailHeaderView.swift; sourceTree = "<group>"; };
		C33A8E4F2CADD89E00B2E33F /* ProductDetailQuantityView.swift */ = {isa = PBXFileReference; lastKnownFileType = sourcecode.swift; path = ProductDetailQuantityView.swift; sourceTree = "<group>"; };
		C33A8E512CADDB1100B2E33F /* ProductDetailButtonView.swift */ = {isa = PBXFileReference; lastKnownFileType = sourcecode.swift; path = ProductDetailButtonView.swift; sourceTree = "<group>"; };
		C34528F62CAB2640007CE052 /* StoreDetailView.swift */ = {isa = PBXFileReference; lastKnownFileType = sourcecode.swift; path = StoreDetailView.swift; sourceTree = "<group>"; };
		C34528FA2CAB2A37007CE052 /* ProductType.swift */ = {isa = PBXFileReference; lastKnownFileType = sourcecode.swift; path = ProductType.swift; sourceTree = "<group>"; };
		C34528FC2CAB2ABD007CE052 /* StoreType.swift */ = {isa = PBXFileReference; lastKnownFileType = sourcecode.swift; path = StoreType.swift; sourceTree = "<group>"; };
		C34528FF2CAB39F9007CE052 /* Double+.swift */ = {isa = PBXFileReference; lastKnownFileType = sourcecode.swift; path = "Double+.swift"; sourceTree = "<group>"; };
		C35E72A52C9FBECE000AED60 /* OrderTypeGridView.swift */ = {isa = PBXFileReference; lastKnownFileType = sourcecode.swift; path = OrderTypeGridView.swift; sourceTree = "<group>"; };
		C35E72AA2C9FC666000AED60 /* OrderType.swift */ = {isa = PBXFileReference; lastKnownFileType = sourcecode.swift; path = OrderType.swift; sourceTree = "<group>"; };
		C35E72AC2C9FC7CD000AED60 /* DataSourceMock.swift */ = {isa = PBXFileReference; lastKnownFileType = sourcecode.swift; path = DataSourceMock.swift; sourceTree = "<group>"; };
		C35E72AE2C9FDDD0000AED60 /* OrderTypeView.swift */ = {isa = PBXFileReference; lastKnownFileType = sourcecode.swift; path = OrderTypeView.swift; sourceTree = "<group>"; };
		C3C614F92CA1D3E30072C183 /* CarouselItemView.swift */ = {isa = PBXFileReference; lastKnownFileType = sourcecode.swift; path = CarouselItemView.swift; sourceTree = "<group>"; };
		C3C614FB2CA1D6040072C183 /* CarouselTabView.swift */ = {isa = PBXFileReference; lastKnownFileType = sourcecode.swift; path = CarouselTabView.swift; sourceTree = "<group>"; };
		C3C614FE2CA1DDA10072C183 /* StoreItemView.swift */ = {isa = PBXFileReference; lastKnownFileType = sourcecode.swift; path = StoreItemView.swift; sourceTree = "<group>"; };
		C3C615002CA1E1210072C183 /* StoresContainerView.swift */ = {isa = PBXFileReference; lastKnownFileType = sourcecode.swift; path = StoresContainerView.swift; sourceTree = "<group>"; };
		C3EC87072CB06CC8002554F7 /* HomeView.swift */ = {isa = PBXFileReference; lastKnownFileType = sourcecode.swift; path = HomeView.swift; sourceTree = "<group>"; };
/* End PBXFileReference section */

/* Begin PBXFrameworksBuildPhase section */
		C324735C2C9F2E7700DF9405 /* Frameworks */ = {
			isa = PBXFrameworksBuildPhase;
			buildActionMask = 2147483647;
			files = (
			);
			runOnlyForDeploymentPostprocessing = 0;
		};
/* End PBXFrameworksBuildPhase section */

/* Begin PBXGroup section */
		C32473562C9F2E7700DF9405 = {
			isa = PBXGroup;
			children = (
				C32473612C9F2E7700DF9405 /* ChefDelivery */,
				C32473602C9F2E7700DF9405 /* Products */,
			);
			sourceTree = "<group>";
		};
		C32473602C9F2E7700DF9405 /* Products */ = {
			isa = PBXGroup;
			children = (
				C324735F2C9F2E7700DF9405 /* ChefDelivery.app */,
			);
			name = Products;
			sourceTree = "<group>";
		};
		C32473612C9F2E7700DF9405 /* ChefDelivery */ = {
			isa = PBXGroup;
			children = (
				C3EC87062CB06CAD002554F7 /* HomeView */,
				C32F00AF2CAC77080003CF23 /* ProductView */,
				C34528FE2CAB39A5007CE052 /* Extension */,
				C32473712C9F2FAD00DF9405 /* App */,
				C35E72A72C9FC5CC000AED60 /* Model */,
				C32473702C9F2F7F00DF9405 /* NavigationBar */,
				C35E72A42C9FBE72000AED60 /* GridView */,
				C3C614F82CA1D3BF0072C183 /* CarouselView */,
				C3C614FD2CA1DD7A0072C183 /* StoresView */,
				C32473662C9F2E7900DF9405 /* Assets.xcassets */,
				C32473682C9F2E7900DF9405 /* Preview Content */,
			);
			path = ChefDelivery;
			sourceTree = "<group>";
		};
		C32473682C9F2E7900DF9405 /* Preview Content */ = {
			isa = PBXGroup;
			children = (
				C32473692C9F2E7900DF9405 /* Preview Assets.xcassets */,
			);
			path = "Preview Content";
			sourceTree = "<group>";
		};
		C32473702C9F2F7F00DF9405 /* NavigationBar */ = {
			isa = PBXGroup;
			children = (
				C32473722C9F307400DF9405 /* NavigationBar.swift */,
			);
			path = NavigationBar;
			sourceTree = "<group>";
		};
		C32473712C9F2FAD00DF9405 /* App */ = {
			isa = PBXGroup;
			children = (
				C32473622C9F2E7700DF9405 /* ChefDeliveryApp.swift */,
				C32473642C9F2E7700DF9405 /* ContentView.swift */,
			);
			path = App;
			sourceTree = "<group>";
		};
		C32F00AF2CAC77080003CF23 /* ProductView */ = {
			isa = PBXGroup;
			children = (
				C32F00B02CAC77240003CF23 /* ProductDetailView.swift */,
				C33A8E4D2CADD78300B2E33F /* ProductDetailHeaderView.swift */,
				C33A8E4F2CADD89E00B2E33F /* ProductDetailQuantityView.swift */,
				C33A8E512CADDB1100B2E33F /* ProductDetailButtonView.swift */,
			);
			path = ProductView;
			sourceTree = "<group>";
		};
		C33A8E452CADCFF100B2E33F /* StoreDetailView */ = {
			isa = PBXGroup;
			children = (
				C33A8E462CADD01D00B2E33F /* StoreDetailHeaderView.swift */,
				C33A8E482CADD23600B2E33F /* StoreDetailProductsView.swift */,
				C33A8E4A2CADD40000B2E33F /* StoreDetailProductItemView.swift */,
			);
			path = StoreDetailView;
			sourceTree = "<group>";
		};
		C34528FE2CAB39A5007CE052 /* Extension */ = {
			isa = PBXGroup;
			children = (
				C34528FF2CAB39F9007CE052 /* Double+.swift */,
			);
			path = Extension;
			sourceTree = "<group>";
		};
		C35E72A42C9FBE72000AED60 /* GridView */ = {
			isa = PBXGroup;
			children = (
				C35E72A52C9FBECE000AED60 /* OrderTypeGridView.swift */,
				C35E72AE2C9FDDD0000AED60 /* OrderTypeView.swift */,
			);
			path = GridView;
			sourceTree = "<group>";
		};
		C35E72A72C9FC5CC000AED60 /* Model */ = {
			isa = PBXGroup;
			children = (
				C35E72AA2C9FC666000AED60 /* OrderType.swift */,
				C35E72AC2C9FC7CD000AED60 /* DataSourceMock.swift */,
				C34528FA2CAB2A37007CE052 /* ProductType.swift */,
				C34528FC2CAB2ABD007CE052 /* StoreType.swift */,
			);
			path = Model;
			sourceTree = "<group>";
		};
		C3C614F82CA1D3BF0072C183 /* CarouselView */ = {
			isa = PBXGroup;
			children = (
				C3C614F92CA1D3E30072C183 /* CarouselItemView.swift */,
				C3C614FB2CA1D6040072C183 /* CarouselTabView.swift */,
			);
			path = CarouselView;
			sourceTree = "<group>";
		};
		C3C614FD2CA1DD7A0072C183 /* StoresView */ = {
			isa = PBXGroup;
			children = (
				C33A8E452CADCFF100B2E33F /* StoreDetailView */,
				C3C614FE2CA1DDA10072C183 /* StoreItemView.swift */,
				C3C615002CA1E1210072C183 /* StoresContainerView.swift */,
				C34528F62CAB2640007CE052 /* StoreDetailView.swift */,
			);
			path = StoresView;
			sourceTree = "<group>";
		};
		C3EC87062CB06CAD002554F7 /* HomeView */ = {
			isa = PBXGroup;
			children = (
				C3EC87072CB06CC8002554F7 /* HomeView.swift */,
			);
			path = HomeView;
			sourceTree = "<group>";
		};
/* End PBXGroup section */

/* Begin PBXNativeTarget section */
		C324735E2C9F2E7700DF9405 /* ChefDelivery */ = {
			isa = PBXNativeTarget;
			buildConfigurationList = C324736D2C9F2E7900DF9405 /* Build configuration list for PBXNativeTarget "ChefDelivery" */;
			buildPhases = (
				C324735B2C9F2E7700DF9405 /* Sources */,
				C324735C2C9F2E7700DF9405 /* Frameworks */,
				C324735D2C9F2E7700DF9405 /* Resources */,
			);
			buildRules = (
			);
			dependencies = (
			);
			name = ChefDelivery;
			productName = ChefDelivery;
			productReference = C324735F2C9F2E7700DF9405 /* ChefDelivery.app */;
			productType = "com.apple.product-type.application";
		};
/* End PBXNativeTarget section */

/* Begin PBXProject section */
		C32473572C9F2E7700DF9405 /* Project object */ = {
			isa = PBXProject;
			attributes = {
				BuildIndependentTargetsInParallel = 1;
				LastSwiftUpdateCheck = 1540;
				LastUpgradeCheck = 1540;
				TargetAttributes = {
					C324735E2C9F2E7700DF9405 = {
						CreatedOnToolsVersion = 15.4;
					};
				};
			};
			buildConfigurationList = C324735A2C9F2E7700DF9405 /* Build configuration list for PBXProject "ChefDelivery" */;
			compatibilityVersion = "Xcode 14.0";
			developmentRegion = en;
			hasScannedForEncodings = 0;
			knownRegions = (
				en,
				Base,
			);
			mainGroup = C32473562C9F2E7700DF9405;
			productRefGroup = C32473602C9F2E7700DF9405 /* Products */;
			projectDirPath = "";
			projectRoot = "";
			targets = (
				C324735E2C9F2E7700DF9405 /* ChefDelivery */,
			);
		};
/* End PBXProject section */

/* Begin PBXResourcesBuildPhase section */
		C324735D2C9F2E7700DF9405 /* Resources */ = {
			isa = PBXResourcesBuildPhase;
			buildActionMask = 2147483647;
			files = (
				C324736A2C9F2E7900DF9405 /* Preview Assets.xcassets in Resources */,
				C32473672C9F2E7900DF9405 /* Assets.xcassets in Resources */,
			);
			runOnlyForDeploymentPostprocessing = 0;
		};
/* End PBXResourcesBuildPhase section */

/* Begin PBXSourcesBuildPhase section */
		C324735B2C9F2E7700DF9405 /* Sources */ = {
			isa = PBXSourcesBuildPhase;
			buildActionMask = 2147483647;
			files = (
				C33A8E4E2CADD78300B2E33F /* ProductDetailHeaderView.swift in Sources */,
				C35E72AB2C9FC666000AED60 /* OrderType.swift in Sources */,
				C32F00B12CAC77240003CF23 /* ProductDetailView.swift in Sources */,
				C32473652C9F2E7700DF9405 /* ContentView.swift in Sources */,
				C35E72AD2C9FC7CD000AED60 /* DataSourceMock.swift in Sources */,
				C3C614FA2CA1D3E30072C183 /* CarouselItemView.swift in Sources */,
				C33A8E502CADD89E00B2E33F /* ProductDetailQuantityView.swift in Sources */,
				C34529002CAB39F9007CE052 /* Double+.swift in Sources */,
				C3C615012CA1E1210072C183 /* StoresContainerView.swift in Sources */,
				C33A8E522CADDB1100B2E33F /* ProductDetailButtonView.swift in Sources */,
				C35E72AF2C9FDDD0000AED60 /* OrderTypeView.swift in Sources */,
				C3C614FF2CA1DDA10072C183 /* StoreItemView.swift in Sources */,
				C34528F72CAB2640007CE052 /* StoreDetailView.swift in Sources */,
				C35E72A62C9FBECE000AED60 /* OrderTypeGridView.swift in Sources */,
				C32473632C9F2E7700DF9405 /* ChefDeliveryApp.swift in Sources */,
				C34528FB2CAB2A37007CE052 /* ProductType.swift in Sources */,
				C34528FD2CAB2ABD007CE052 /* StoreType.swift in Sources */,
				C33A8E472CADD01D00B2E33F /* StoreDetailHeaderView.swift in Sources */,
				C33A8E492CADD23600B2E33F /* StoreDetailProductsView.swift in Sources */,
				C32473732C9F307400DF9405 /* NavigationBar.swift in Sources */,
				C33A8E4B2CADD40000B2E33F /* StoreDetailProductItemView.swift in Sources */,
				C3EC87082CB06CC8002554F7 /* HomeView.swift in Sources */,
				C3C614FC2CA1D6040072C183 /* CarouselTabView.swift in Sources */,
			);
			runOnlyForDeploymentPostprocessing = 0;
		};
/* End PBXSourcesBuildPhase section */

/* Begin XCBuildConfiguration section */
		C324736B2C9F2E7900DF9405 /* Debug */ = {
			isa = XCBuildConfiguration;
			buildSettings = {
				ALWAYS_SEARCH_USER_PATHS = NO;
				ASSETCATALOG_COMPILER_GENERATE_SWIFT_ASSET_SYMBOL_EXTENSIONS = YES;
				CLANG_ANALYZER_NONNULL = YES;
				CLANG_ANALYZER_NUMBER_OBJECT_CONVERSION = YES_AGGRESSIVE;
				CLANG_CXX_LANGUAGE_STANDARD = "gnu++20";
				CLANG_ENABLE_MODULES = YES;
				CLANG_ENABLE_OBJC_ARC = YES;
				CLANG_ENABLE_OBJC_WEAK = YES;
				CLANG_WARN_BLOCK_CAPTURE_AUTORELEASING = YES;
				CLANG_WARN_BOOL_CONVERSION = YES;
				CLANG_WARN_COMMA = YES;
				CLANG_WARN_CONSTANT_CONVERSION = YES;
				CLANG_WARN_DEPRECATED_OBJC_IMPLEMENTATIONS = YES;
				CLANG_WARN_DIRECT_OBJC_ISA_USAGE = YES_ERROR;
				CLANG_WARN_DOCUMENTATION_COMMENTS = YES;
				CLANG_WARN_EMPTY_BODY = YES;
				CLANG_WARN_ENUM_CONVERSION = YES;
				CLANG_WARN_INFINITE_RECURSION = YES;
				CLANG_WARN_INT_CONVERSION = YES;
				CLANG_WARN_NON_LITERAL_NULL_CONVERSION = YES;
				CLANG_WARN_OBJC_IMPLICIT_RETAIN_SELF = YES;
				CLANG_WARN_OBJC_LITERAL_CONVERSION = YES;
				CLANG_WARN_OBJC_ROOT_CLASS = YES_ERROR;
				CLANG_WARN_QUOTED_INCLUDE_IN_FRAMEWORK_HEADER = YES;
				CLANG_WARN_RANGE_LOOP_ANALYSIS = YES;
				CLANG_WARN_STRICT_PROTOTYPES = YES;
				CLANG_WARN_SUSPICIOUS_MOVE = YES;
				CLANG_WARN_UNGUARDED_AVAILABILITY = YES_AGGRESSIVE;
				CLANG_WARN_UNREACHABLE_CODE = YES;
				CLANG_WARN__DUPLICATE_METHOD_MATCH = YES;
				COPY_PHASE_STRIP = NO;
				DEBUG_INFORMATION_FORMAT = dwarf;
				ENABLE_STRICT_OBJC_MSGSEND = YES;
				ENABLE_TESTABILITY = YES;
				ENABLE_USER_SCRIPT_SANDBOXING = YES;
				GCC_C_LANGUAGE_STANDARD = gnu17;
				GCC_DYNAMIC_NO_PIC = NO;
				GCC_NO_COMMON_BLOCKS = YES;
				GCC_OPTIMIZATION_LEVEL = 0;
				GCC_PREPROCESSOR_DEFINITIONS = (
					"DEBUG=1",
					"$(inherited)",
				);
				GCC_WARN_64_TO_32_BIT_CONVERSION = YES;
				GCC_WARN_ABOUT_RETURN_TYPE = YES_ERROR;
				GCC_WARN_UNDECLARED_SELECTOR = YES;
				GCC_WARN_UNINITIALIZED_AUTOS = YES_AGGRESSIVE;
				GCC_WARN_UNUSED_FUNCTION = YES;
				GCC_WARN_UNUSED_VARIABLE = YES;
				IPHONEOS_DEPLOYMENT_TARGET = 17.5;
				LOCALIZATION_PREFERS_STRING_CATALOGS = YES;
				MTL_ENABLE_DEBUG_INFO = INCLUDE_SOURCE;
				MTL_FAST_MATH = YES;
				ONLY_ACTIVE_ARCH = YES;
				SDKROOT = iphoneos;
				SWIFT_ACTIVE_COMPILATION_CONDITIONS = "DEBUG $(inherited)";
				SWIFT_OPTIMIZATION_LEVEL = "-Onone";
			};
			name = Debug;
		};
		C324736C2C9F2E7900DF9405 /* Release */ = {
			isa = XCBuildConfiguration;
			buildSettings = {
				ALWAYS_SEARCH_USER_PATHS = NO;
				ASSETCATALOG_COMPILER_GENERATE_SWIFT_ASSET_SYMBOL_EXTENSIONS = YES;
				CLANG_ANALYZER_NONNULL = YES;
				CLANG_ANALYZER_NUMBER_OBJECT_CONVERSION = YES_AGGRESSIVE;
				CLANG_CXX_LANGUAGE_STANDARD = "gnu++20";
				CLANG_ENABLE_MODULES = YES;
				CLANG_ENABLE_OBJC_ARC = YES;
				CLANG_ENABLE_OBJC_WEAK = YES;
				CLANG_WARN_BLOCK_CAPTURE_AUTORELEASING = YES;
				CLANG_WARN_BOOL_CONVERSION = YES;
				CLANG_WARN_COMMA = YES;
				CLANG_WARN_CONSTANT_CONVERSION = YES;
				CLANG_WARN_DEPRECATED_OBJC_IMPLEMENTATIONS = YES;
				CLANG_WARN_DIRECT_OBJC_ISA_USAGE = YES_ERROR;
				CLANG_WARN_DOCUMENTATION_COMMENTS = YES;
				CLANG_WARN_EMPTY_BODY = YES;
				CLANG_WARN_ENUM_CONVERSION = YES;
				CLANG_WARN_INFINITE_RECURSION = YES;
				CLANG_WARN_INT_CONVERSION = YES;
				CLANG_WARN_NON_LITERAL_NULL_CONVERSION = YES;
				CLANG_WARN_OBJC_IMPLICIT_RETAIN_SELF = YES;
				CLANG_WARN_OBJC_LITERAL_CONVERSION = YES;
				CLANG_WARN_OBJC_ROOT_CLASS = YES_ERROR;
				CLANG_WARN_QUOTED_INCLUDE_IN_FRAMEWORK_HEADER = YES;
				CLANG_WARN_RANGE_LOOP_ANALYSIS = YES;
				CLANG_WARN_STRICT_PROTOTYPES = YES;
				CLANG_WARN_SUSPICIOUS_MOVE = YES;
				CLANG_WARN_UNGUARDED_AVAILABILITY = YES_AGGRESSIVE;
				CLANG_WARN_UNREACHABLE_CODE = YES;
				CLANG_WARN__DUPLICATE_METHOD_MATCH = YES;
				COPY_PHASE_STRIP = NO;
				DEBUG_INFORMATION_FORMAT = "dwarf-with-dsym";
				ENABLE_NS_ASSERTIONS = NO;
				ENABLE_STRICT_OBJC_MSGSEND = YES;
				ENABLE_USER_SCRIPT_SANDBOXING = YES;
				GCC_C_LANGUAGE_STANDARD = gnu17;
				GCC_NO_COMMON_BLOCKS = YES;
				GCC_WARN_64_TO_32_BIT_CONVERSION = YES;
				GCC_WARN_ABOUT_RETURN_TYPE = YES_ERROR;
				GCC_WARN_UNDECLARED_SELECTOR = YES;
				GCC_WARN_UNINITIALIZED_AUTOS = YES_AGGRESSIVE;
				GCC_WARN_UNUSED_FUNCTION = YES;
				GCC_WARN_UNUSED_VARIABLE = YES;
				IPHONEOS_DEPLOYMENT_TARGET = 17.5;
				LOCALIZATION_PREFERS_STRING_CATALOGS = YES;
				MTL_ENABLE_DEBUG_INFO = NO;
				MTL_FAST_MATH = YES;
				SDKROOT = iphoneos;
				SWIFT_COMPILATION_MODE = wholemodule;
				VALIDATE_PRODUCT = YES;
			};
			name = Release;
		};
		C324736E2C9F2E7900DF9405 /* Debug */ = {
			isa = XCBuildConfiguration;
			buildSettings = {
				ASSETCATALOG_COMPILER_APPICON_NAME = AppIcon;
				ASSETCATALOG_COMPILER_GLOBAL_ACCENT_COLOR_NAME = AccentColor;
				CODE_SIGN_STYLE = Automatic;
				CURRENT_PROJECT_VERSION = 1;
				DEVELOPMENT_ASSET_PATHS = "\"ChefDelivery/Preview Content\"";
				ENABLE_PREVIEWS = YES;
				GENERATE_INFOPLIST_FILE = YES;
				INFOPLIST_KEY_UIApplicationSceneManifest_Generation = YES;
				INFOPLIST_KEY_UIApplicationSupportsIndirectInputEvents = YES;
				INFOPLIST_KEY_UILaunchScreen_Generation = YES;
				INFOPLIST_KEY_UISupportedInterfaceOrientations_iPad = "UIInterfaceOrientationPortrait UIInterfaceOrientationPortraitUpsideDown UIInterfaceOrientationLandscapeLeft UIInterfaceOrientationLandscapeRight";
				INFOPLIST_KEY_UISupportedInterfaceOrientations_iPhone = "UIInterfaceOrientationPortrait UIInterfaceOrientationLandscapeLeft UIInterfaceOrientationLandscapeRight";
				LD_RUNPATH_SEARCH_PATHS = (
					"$(inherited)",
					"@executable_path/Frameworks",
				);
				MARKETING_VERSION = 1.0;
				PRODUCT_BUNDLE_IDENTIFIER = com.livya.ChefDelivery;
				PRODUCT_NAME = "$(TARGET_NAME)";
				SWIFT_EMIT_LOC_STRINGS = YES;
				SWIFT_VERSION = 5.0;
				TARGETED_DEVICE_FAMILY = "1,2";
			};
			name = Debug;
		};
		C324736F2C9F2E7900DF9405 /* Release */ = {
			isa = XCBuildConfiguration;
			buildSettings = {
				ASSETCATALOG_COMPILER_APPICON_NAME = AppIcon;
				ASSETCATALOG_COMPILER_GLOBAL_ACCENT_COLOR_NAME = AccentColor;
				CODE_SIGN_STYLE = Automatic;
				CURRENT_PROJECT_VERSION = 1;
				DEVELOPMENT_ASSET_PATHS = "\"ChefDelivery/Preview Content\"";
				ENABLE_PREVIEWS = YES;
				GENERATE_INFOPLIST_FILE = YES;
				INFOPLIST_KEY_UIApplicationSceneManifest_Generation = YES;
				INFOPLIST_KEY_UIApplicationSupportsIndirectInputEvents = YES;
				INFOPLIST_KEY_UILaunchScreen_Generation = YES;
				INFOPLIST_KEY_UISupportedInterfaceOrientations_iPad = "UIInterfaceOrientationPortrait UIInterfaceOrientationPortraitUpsideDown UIInterfaceOrientationLandscapeLeft UIInterfaceOrientationLandscapeRight";
				INFOPLIST_KEY_UISupportedInterfaceOrientations_iPhone = "UIInterfaceOrientationPortrait UIInterfaceOrientationLandscapeLeft UIInterfaceOrientationLandscapeRight";
				LD_RUNPATH_SEARCH_PATHS = (
					"$(inherited)",
					"@executable_path/Frameworks",
				);
				MARKETING_VERSION = 1.0;
				PRODUCT_BUNDLE_IDENTIFIER = com.livya.ChefDelivery;
				PRODUCT_NAME = "$(TARGET_NAME)";
				SWIFT_EMIT_LOC_STRINGS = YES;
				SWIFT_VERSION = 5.0;
				TARGETED_DEVICE_FAMILY = "1,2";
			};
			name = Release;
		};
/* End XCBuildConfiguration section */

/* Begin XCConfigurationList section */
		C324735A2C9F2E7700DF9405 /* Build configuration list for PBXProject "ChefDelivery" */ = {
			isa = XCConfigurationList;
			buildConfigurations = (
				C324736B2C9F2E7900DF9405 /* Debug */,
				C324736C2C9F2E7900DF9405 /* Release */,
			);
			defaultConfigurationIsVisible = 0;
			defaultConfigurationName = Release;
		};
		C324736D2C9F2E7900DF9405 /* Build configuration list for PBXNativeTarget "ChefDelivery" */ = {
			isa = XCConfigurationList;
			buildConfigurations = (
				C324736E2C9F2E7900DF9405 /* Debug */,
				C324736F2C9F2E7900DF9405 /* Release */,
			);
			defaultConfigurationIsVisible = 0;
			defaultConfigurationName = Release;
		};
/* End XCConfigurationList section */
	};
	rootObject = C32473572C9F2E7700DF9405 /* Project object */;
}
