// !$*UTF8*$!
{
	archiveVersion = 1;
	classes = {
	};
	objectVersion = 56;
	objects = {

/* Begin PBXBuildFile section */
		C3FE13A22CBD906E00627209 /* FollowMVVMApp.swift in Sources */ = {isa = PBXBuildFile; fileRef = C3FE13A12CBD906E00627209 /* FollowMVVMApp.swift */; };
		C3FE13A62CBD906F00627209 /* Assets.xcassets in Resources */ = {isa = PBXBuildFile; fileRef = C3FE13A52CBD906F00627209 /* Assets.xcassets */; };
		C3FE13A92CBD907000627209 /* Preview Assets.xcassets in Resources */ = {isa = PBXBuildFile; fileRef = C3FE13A82CBD907000627209 /* Preview Assets.xcassets */; };
		C3FE13B02CBD908E00627209 /* ProfileView.swift in Sources */ = {isa = PBXBuildFile; fileRef = C3FE13AF2CBD908E00627209 /* ProfileView.swift */; };
		C3FE13B22CBD988100627209 /* ProfileViewModel.swift in Sources */ = {isa = PBXBuildFile; fileRef = C3FE13B12CBD988100627209 /* ProfileViewModel.swift */; };
		C3FE13B42CBD9A0A00627209 /* User.swift in Sources */ = {isa = PBXBuildFile; fileRef = C3FE13B32CBD9A0A00627209 /* User.swift */; };
/* End PBXBuildFile section */

/* Begin PBXFileReference section */
		C3FE139E2CBD906E00627209 /* FollowMVVM.app */ = {isa = PBXFileReference; explicitFileType = wrapper.application; includeInIndex = 0; path = FollowMVVM.app; sourceTree = BUILT_PRODUCTS_DIR; };
		C3FE13A12CBD906E00627209 /* FollowMVVMApp.swift */ = {isa = PBXFileReference; lastKnownFileType = sourcecode.swift; path = FollowMVVMApp.swift; sourceTree = "<group>"; };
		C3FE13A52CBD906F00627209 /* Assets.xcassets */ = {isa = PBXFileReference; lastKnownFileType = folder.assetcatalog; path = Assets.xcassets; sourceTree = "<group>"; };
		C3FE13A82CBD907000627209 /* Preview Assets.xcassets */ = {isa = PBXFileReference; lastKnownFileType = folder.assetcatalog; path = "Preview Assets.xcassets"; sourceTree = "<group>"; };
		C3FE13AF2CBD908E00627209 /* ProfileView.swift */ = {isa = PBXFileReference; lastKnownFileType = sourcecode.swift; path = ProfileView.swift; sourceTree = "<group>"; };
		C3FE13B12CBD988100627209 /* ProfileViewModel.swift */ = {isa = PBXFileReference; lastKnownFileType = sourcecode.swift; path = ProfileViewModel.swift; sourceTree = "<group>"; };
		C3FE13B32CBD9A0A00627209 /* User.swift */ = {isa = PBXFileReference; lastKnownFileType = sourcecode.swift; path = User.swift; sourceTree = "<group>"; };
/* End PBXFileReference section */

/* Begin PBXFrameworksBuildPhase section */
		C3FE139B2CBD906E00627209 /* Frameworks */ = {
			isa = PBXFrameworksBuildPhase;
			buildActionMask = 2147483647;
			files = (
			);
			runOnlyForDeploymentPostprocessing = 0;
		};
/* End PBXFrameworksBuildPhase section */

/* Begin PBXGroup section */
		C3B8A97C2CBDAB7300149400 /* View */ = {
			isa = PBXGroup;
			children = (
				C3B8A97D2CBDAB7C00149400 /* Screens */,
			);
			path = View;
			sourceTree = "<group>";
		};
		C3B8A97D2CBDAB7C00149400 /* Screens */ = {
			isa = PBXGroup;
			children = (
				C3B8A97E2CBDAB8300149400 /* Profile */,
			);
			path = Screens;
			sourceTree = "<group>";
		};
		C3B8A97E2CBDAB8300149400 /* Profile */ = {
			isa = PBXGroup;
			children = (
				C3FE13B12CBD988100627209 /* ProfileViewModel.swift */,
				C3FE13AF2CBD908E00627209 /* ProfileView.swift */,
			);
			path = Profile;
			sourceTree = "<group>";
		};
		C3B8A97F2CBDAB9500149400 /* Model */ = {
			isa = PBXGroup;
			children = (
				C3FE13B32CBD9A0A00627209 /* User.swift */,
			);
			path = Model;
			sourceTree = "<group>";
		};
		C3B8A9802CBDABB400149400 /* Resources */ = {
			isa = PBXGroup;
			children = (
				C3FE13A52CBD906F00627209 /* Assets.xcassets */,
			);
			path = Resources;
			sourceTree = "<group>";
		};
		C3FE13952CBD906E00627209 = {
			isa = PBXGroup;
			children = (
				C3FE13A02CBD906E00627209 /* FollowMVVM */,
				C3FE139F2CBD906E00627209 /* Products */,
			);
			sourceTree = "<group>";
		};
		C3FE139F2CBD906E00627209 /* Products */ = {
			isa = PBXGroup;
			children = (
				C3FE139E2CBD906E00627209 /* FollowMVVM.app */,
			);
			name = Products;
			sourceTree = "<group>";
		};
		C3FE13A02CBD906E00627209 /* FollowMVVM */ = {
			isa = PBXGroup;
			children = (
				C3FE13A12CBD906E00627209 /* FollowMVVMApp.swift */,
				C3B8A97C2CBDAB7300149400 /* View */,
				C3B8A97F2CBDAB9500149400 /* Model */,
				C3B8A9802CBDABB400149400 /* Resources */,
				C3FE13A72CBD907000627209 /* Preview Content */,
			);
			path = FollowMVVM;
			sourceTree = "<group>";
		};
		C3FE13A72CBD907000627209 /* Preview Content */ = {
			isa = PBXGroup;
			children = (
				C3FE13A82CBD907000627209 /* Preview Assets.xcassets */,
			);
			path = "Preview Content";
			sourceTree = "<group>";
		};
/* End PBXGroup section */

/* Begin PBXNativeTarget section */
		C3FE139D2CBD906E00627209 /* FollowMVVM */ = {
			isa = PBXNativeTarget;
			buildConfigurationList = C3FE13AC2CBD907000627209 /* Build configuration list for PBXNativeTarget "FollowMVVM" */;
			buildPhases = (
				C3FE139A2CBD906E00627209 /* Sources */,
				C3FE139B2CBD906E00627209 /* Frameworks */,
				C3FE139C2CBD906E00627209 /* Resources */,
			);
			buildRules = (
			);
			dependencies = (
			);
			name = FollowMVVM;
			productName = FollowMVVM;
			productReference = C3FE139E2CBD906E00627209 /* FollowMVVM.app */;
			productType = "com.apple.product-type.application";
		};
/* End PBXNativeTarget section */

/* Begin PBXProject section */
		C3FE13962CBD906E00627209 /* Project object */ = {
			isa = PBXProject;
			attributes = {
				BuildIndependentTargetsInParallel = 1;
				LastSwiftUpdateCheck = 1540;
				LastUpgradeCheck = 1540;
				TargetAttributes = {
					C3FE139D2CBD906E00627209 = {
						CreatedOnToolsVersion = 15.4;
					};
				};
			};
			buildConfigurationList = C3FE13992CBD906E00627209 /* Build configuration list for PBXProject "FollowMVVM" */;
			compatibilityVersion = "Xcode 14.0";
			developmentRegion = en;
			hasScannedForEncodings = 0;
			knownRegions = (
				en,
				Base,
			);
			mainGroup = C3FE13952CBD906E00627209;
			productRefGroup = C3FE139F2CBD906E00627209 /* Products */;
			projectDirPath = "";
			projectRoot = "";
			targets = (
				C3FE139D2CBD906E00627209 /* FollowMVVM */,
			);
		};
/* End PBXProject section */

/* Begin PBXResourcesBuildPhase section */
		C3FE139C2CBD906E00627209 /* Resources */ = {
			isa = PBXResourcesBuildPhase;
			buildActionMask = 2147483647;
			files = (
				C3FE13A92CBD907000627209 /* Preview Assets.xcassets in Resources */,
				C3FE13A62CBD906F00627209 /* Assets.xcassets in Resources */,
			);
			runOnlyForDeploymentPostprocessing = 0;
		};
/* End PBXResourcesBuildPhase section */

/* Begin PBXSourcesBuildPhase section */
		C3FE139A2CBD906E00627209 /* Sources */ = {
			isa = PBXSourcesBuildPhase;
			buildActionMask = 2147483647;
			files = (
				C3FE13B02CBD908E00627209 /* ProfileView.swift in Sources */,
				C3FE13B22CBD988100627209 /* ProfileViewModel.swift in Sources */,
				C3FE13B42CBD9A0A00627209 /* User.swift in Sources */,
				C3FE13A22CBD906E00627209 /* FollowMVVMApp.swift in Sources */,
			);
			runOnlyForDeploymentPostprocessing = 0;
		};
/* End PBXSourcesBuildPhase section */

/* Begin XCBuildConfiguration section */
		C3FE13AA2CBD907000627209 /* Debug */ = {
			isa = XCBuildConfiguration;
			buildSettings = {
				ALWAYS_SEARCH_USER_PATHS = NO;
				ASSETCATALOG_COMPILER_GENERATE_SWIFT_ASSET_SYMBOL_EXTENSIONS = YES;
				CLANG_ANALYZER_NONNULL = YES;
				CLANG_ANALYZER_NUMBER_OBJECT_CONVERSION = YES_AGGRESSIVE;
				CLANG_CXX_LANGUAGE_STANDARD = "gnu++20";
				CLANG_ENABLE_MODULES = YES;
				CLANG_ENABLE_OBJC_ARC = YES;
				CLANG_ENABLE_OBJC_WEAK = YES;
				CLANG_WARN_BLOCK_CAPTURE_AUTORELEASING = YES;
				CLANG_WARN_BOOL_CONVERSION = YES;
				CLANG_WARN_COMMA = YES;
				CLANG_WARN_CONSTANT_CONVERSION = YES;
				CLANG_WARN_DEPRECATED_OBJC_IMPLEMENTATIONS = YES;
				CLANG_WARN_DIRECT_OBJC_ISA_USAGE = YES_ERROR;
				CLANG_WARN_DOCUMENTATION_COMMENTS = YES;
				CLANG_WARN_EMPTY_BODY = YES;
				CLANG_WARN_ENUM_CONVERSION = YES;
				CLANG_WARN_INFINITE_RECURSION = YES;
				CLANG_WARN_INT_CONVERSION = YES;
				CLANG_WARN_NON_LITERAL_NULL_CONVERSION = YES;
				CLANG_WARN_OBJC_IMPLICIT_RETAIN_SELF = YES;
				CLANG_WARN_OBJC_LITERAL_CONVERSION = YES;
				CLANG_WARN_OBJC_ROOT_CLASS = YES_ERROR;
				CLANG_WARN_QUOTED_INCLUDE_IN_FRAMEWORK_HEADER = YES;
				CLANG_WARN_RANGE_LOOP_ANALYSIS = YES;
				CLANG_WARN_STRICT_PROTOTYPES = YES;
				CLANG_WARN_SUSPICIOUS_MOVE = YES;
				CLANG_WARN_UNGUARDED_AVAILABILITY = YES_AGGRESSIVE;
				CLANG_WARN_UNREACHABLE_CODE = YES;
				CLANG_WARN__DUPLICATE_METHOD_MATCH = YES;
				COPY_PHASE_STRIP = NO;
				DEBUG_INFORMATION_FORMAT = dwarf;
				ENABLE_STRICT_OBJC_MSGSEND = YES;
				ENABLE_TESTABILITY = YES;
				ENABLE_USER_SCRIPT_SANDBOXING = YES;
				GCC_C_LANGUAGE_STANDARD = gnu17;
				GCC_DYNAMIC_NO_PIC = NO;
				GCC_NO_COMMON_BLOCKS = YES;
				GCC_OPTIMIZATION_LEVEL = 0;
				GCC_PREPROCESSOR_DEFINITIONS = (
					"DEBUG=1",
					"$(inherited)",
				);
				GCC_WARN_64_TO_32_BIT_CONVERSION = YES;
				GCC_WARN_ABOUT_RETURN_TYPE = YES_ERROR;
				GCC_WARN_UNDECLARED_SELECTOR = YES;
				GCC_WARN_UNINITIALIZED_AUTOS = YES_AGGRESSIVE;
				GCC_WARN_UNUSED_FUNCTION = YES;
				GCC_WARN_UNUSED_VARIABLE = YES;
				IPHONEOS_DEPLOYMENT_TARGET = 17.5;
				LOCALIZATION_PREFERS_STRING_CATALOGS = YES;
				MTL_ENABLE_DEBUG_INFO = INCLUDE_SOURCE;
				MTL_FAST_MATH = YES;
				ONLY_ACTIVE_ARCH = YES;
				SDKROOT = iphoneos;
				SWIFT_ACTIVE_COMPILATION_CONDITIONS = "DEBUG $(inherited)";
				SWIFT_OPTIMIZATION_LEVEL = "-Onone";
			};
			name = Debug;
		};
		C3FE13AB2CBD907000627209 /* Release */ = {
			isa = XCBuildConfiguration;
			buildSettings = {
				ALWAYS_SEARCH_USER_PATHS = NO;
				ASSETCATALOG_COMPILER_GENERATE_SWIFT_ASSET_SYMBOL_EXTENSIONS = YES;
				CLANG_ANALYZER_NONNULL = YES;
				CLANG_ANALYZER_NUMBER_OBJECT_CONVERSION = YES_AGGRESSIVE;
				CLANG_CXX_LANGUAGE_STANDARD = "gnu++20";
				CLANG_ENABLE_MODULES = YES;
				CLANG_ENABLE_OBJC_ARC = YES;
				CLANG_ENABLE_OBJC_WEAK = YES;
				CLANG_WARN_BLOCK_CAPTURE_AUTORELEASING = YES;
				CLANG_WARN_BOOL_CONVERSION = YES;
				CLANG_WARN_COMMA = YES;
				CLANG_WARN_CONSTANT_CONVERSION = YES;
				CLANG_WARN_DEPRECATED_OBJC_IMPLEMENTATIONS = YES;
				CLANG_WARN_DIRECT_OBJC_ISA_USAGE = YES_ERROR;
				CLANG_WARN_DOCUMENTATION_COMMENTS = YES;
				CLANG_WARN_EMPTY_BODY = YES;
				CLANG_WARN_ENUM_CONVERSION = YES;
				CLANG_WARN_INFINITE_RECURSION = YES;
				CLANG_WARN_INT_CONVERSION = YES;
				CLANG_WARN_NON_LITERAL_NULL_CONVERSION = YES;
				CLANG_WARN_OBJC_IMPLICIT_RETAIN_SELF = YES;
				CLANG_WARN_OBJC_LITERAL_CONVERSION = YES;
				CLANG_WARN_OBJC_ROOT_CLASS = YES_ERROR;
				CLANG_WARN_QUOTED_INCLUDE_IN_FRAMEWORK_HEADER = YES;
				CLANG_WARN_RANGE_LOOP_ANALYSIS = YES;
				CLANG_WARN_STRICT_PROTOTYPES = YES;
				CLANG_WARN_SUSPICIOUS_MOVE = YES;
				CLANG_WARN_UNGUARDED_AVAILABILITY = YES_AGGRESSIVE;
				CLANG_WARN_UNREACHABLE_CODE = YES;
				CLANG_WARN__DUPLICATE_METHOD_MATCH = YES;
				COPY_PHASE_STRIP = NO;
				DEBUG_INFORMATION_FORMAT = "dwarf-with-dsym";
				ENABLE_NS_ASSERTIONS = NO;
				ENABLE_STRICT_OBJC_MSGSEND = YES;
				ENABLE_USER_SCRIPT_SANDBOXING = YES;
				GCC_C_LANGUAGE_STANDARD = gnu17;
				GCC_NO_COMMON_BLOCKS = YES;
				GCC_WARN_64_TO_32_BIT_CONVERSION = YES;
				GCC_WARN_ABOUT_RETURN_TYPE = YES_ERROR;
				GCC_WARN_UNDECLARED_SELECTOR = YES;
				GCC_WARN_UNINITIALIZED_AUTOS = YES_AGGRESSIVE;
				GCC_WARN_UNUSED_FUNCTION = YES;
				GCC_WARN_UNUSED_VARIABLE = YES;
				IPHONEOS_DEPLOYMENT_TARGET = 17.5;
				LOCALIZATION_PREFERS_STRING_CATALOGS = YES;
				MTL_ENABLE_DEBUG_INFO = NO;
				MTL_FAST_MATH = YES;
				SDKROOT = iphoneos;
				SWIFT_COMPILATION_MODE = wholemodule;
				VALIDATE_PRODUCT = YES;
			};
			name = Release;
		};
		C3FE13AD2CBD907000627209 /* Debug */ = {
			isa = XCBuildConfiguration;
			buildSettings = {
				ASSETCATALOG_COMPILER_APPICON_NAME = AppIcon;
				ASSETCATALOG_COMPILER_GLOBAL_ACCENT_COLOR_NAME = AccentColor;
				CODE_SIGN_STYLE = Automatic;
				CURRENT_PROJECT_VERSION = 1;
				DEVELOPMENT_ASSET_PATHS = "\"FollowMVVM/Preview Content\"";
				ENABLE_PREVIEWS = YES;
				GENERATE_INFOPLIST_FILE = YES;
				INFOPLIST_KEY_UIApplicationSceneManifest_Generation = YES;
				INFOPLIST_KEY_UIApplicationSupportsIndirectInputEvents = YES;
				INFOPLIST_KEY_UILaunchScreen_Generation = YES;
				INFOPLIST_KEY_UISupportedInterfaceOrientations_iPad = "UIInterfaceOrientationPortrait UIInterfaceOrientationPortraitUpsideDown UIInterfaceOrientationLandscapeLeft UIInterfaceOrientationLandscapeRight";
				INFOPLIST_KEY_UISupportedInterfaceOrientations_iPhone = "UIInterfaceOrientationPortrait UIInterfaceOrientationLandscapeLeft UIInterfaceOrientationLandscapeRight";
				LD_RUNPATH_SEARCH_PATHS = (
					"$(inherited)",
					"@executable_path/Frameworks",
				);
				MARKETING_VERSION = 1.0;
				PRODUCT_BUNDLE_IDENTIFIER = com.livya.FollowMVVM;
				PRODUCT_NAME = "$(TARGET_NAME)";
				SWIFT_EMIT_LOC_STRINGS = YES;
				SWIFT_VERSION = 5.0;
				TARGETED_DEVICE_FAMILY = "1,2";
			};
			name = Debug;
		};
		C3FE13AE2CBD907000627209 /* Release */ = {
			isa = XCBuildConfiguration;
			buildSettings = {
				ASSETCATALOG_COMPILER_APPICON_NAME = AppIcon;
				ASSETCATALOG_COMPILER_GLOBAL_ACCENT_COLOR_NAME = AccentColor;
				CODE_SIGN_STYLE = Automatic;
				CURRENT_PROJECT_VERSION = 1;
				DEVELOPMENT_ASSET_PATHS = "\"FollowMVVM/Preview Content\"";
				ENABLE_PREVIEWS = YES;
				GENERATE_INFOPLIST_FILE = YES;
				INFOPLIST_KEY_UIApplicationSceneManifest_Generation = YES;
				INFOPLIST_KEY_UIApplicationSupportsIndirectInputEvents = YES;
				INFOPLIST_KEY_UILaunchScreen_Generation = YES;
				INFOPLIST_KEY_UISupportedInterfaceOrientations_iPad = "UIInterfaceOrientationPortrait UIInterfaceOrientationPortraitUpsideDown UIInterfaceOrientationLandscapeLeft UIInterfaceOrientationLandscapeRight";
				INFOPLIST_KEY_UISupportedInterfaceOrientations_iPhone = "UIInterfaceOrientationPortrait UIInterfaceOrientationLandscapeLeft UIInterfaceOrientationLandscapeRight";
				LD_RUNPATH_SEARCH_PATHS = (
					"$(inherited)",
					"@executable_path/Frameworks",
				);
				MARKETING_VERSION = 1.0;
				PRODUCT_BUNDLE_IDENTIFIER = com.livya.FollowMVVM;
				PRODUCT_NAME = "$(TARGET_NAME)";
				SWIFT_EMIT_LOC_STRINGS = YES;
				SWIFT_VERSION = 5.0;
				TARGETED_DEVICE_FAMILY = "1,2";
			};
			name = Release;
		};
/* End XCBuildConfiguration section */

/* Begin XCConfigurationList section */
		C3FE13992CBD906E00627209 /* Build configuration list for PBXProject "FollowMVVM" */ = {
			isa = XCConfigurationList;
			buildConfigurations = (
				C3FE13AA2CBD907000627209 /* Debug */,
				C3FE13AB2CBD907000627209 /* Release */,
			);
			defaultConfigurationIsVisible = 0;
			defaultConfigurationName = Release;
		};
		C3FE13AC2CBD907000627209 /* Build configuration list for PBXNativeTarget "FollowMVVM" */ = {
			isa = XCConfigurationList;
			buildConfigurations = (
				C3FE13AD2CBD907000627209 /* Debug */,
				C3FE13AE2CBD907000627209 /* Release */,
			);
			defaultConfigurationIsVisible = 0;
			defaultConfigurationName = Release;
		};
/* End XCConfigurationList section */
	};
	rootObject = C3FE13962CBD906E00627209 /* Project object */;
}
